// !$*UTF8*$!
{
	archiveVersion = 1;
	classes = {
	};
	objectVersion = 52;
	objects = {

/* Begin PBXBuildFile section */
		774AACEE25CDC71B009A83D0 /* Pokedex_AppApp.swift in Sources */ = {isa = PBXBuildFile; fileRef = 774AACED25CDC71B009A83D0 /* Pokedex_AppApp.swift */; };
		774AACF025CDC71B009A83D0 /* MainView.swift in Sources */ = {isa = PBXBuildFile; fileRef = 774AACEF25CDC71B009A83D0 /* MainView.swift */; };
		774AACF225CDC72F009A83D0 /* Assets.xcassets in Resources */ = {isa = PBXBuildFile; fileRef = 774AACF125CDC72F009A83D0 /* Assets.xcassets */; };
		774AACF525CDC72F009A83D0 /* Preview Assets.xcassets in Resources */ = {isa = PBXBuildFile; fileRef = 774AACF425CDC72F009A83D0 /* Preview Assets.xcassets */; };
		774AAD0025CDC730009A83D0 /* Pokedex_AppTests.swift in Sources */ = {isa = PBXBuildFile; fileRef = 774AACFF25CDC730009A83D0 /* Pokedex_AppTests.swift */; };
		774AAD0B25CDC730009A83D0 /* Pokedex_AppUITests.swift in Sources */ = {isa = PBXBuildFile; fileRef = 774AAD0A25CDC730009A83D0 /* Pokedex_AppUITests.swift */; };
		774AAD4D25CDFAAD009A83D0 /* SDWebImageSwiftUI in Frameworks */ = {isa = PBXBuildFile; productRef = 774AAD4C25CDFAAD009A83D0 /* SDWebImageSwiftUI */; };
		774AAD5225CE1249009A83D0 /* Extensions.swift in Sources */ = {isa = PBXBuildFile; fileRef = 774AAD5125CE1249009A83D0 /* Extensions.swift */; };
		774AAD5725CE1A8E009A83D0 /* PokeService.swift in Sources */ = {isa = PBXBuildFile; fileRef = 774AAD5625CE1A8E009A83D0 /* PokeService.swift */; };
		774AAD6425CE1C5F009A83D0 /* PokemonData.swift in Sources */ = {isa = PBXBuildFile; fileRef = 774AAD6325CE1C5F009A83D0 /* PokemonData.swift */; };
		774AAD6D25CE2033009A83D0 /* PokemonViewModel.swift in Sources */ = {isa = PBXBuildFile; fileRef = 774AAD6C25CE2033009A83D0 /* PokemonViewModel.swift */; };
		775C2BF625CE3D5700DB0CA0 /* pokemons.json in Resources */ = {isa = PBXBuildFile; fileRef = 775C2BF525CE3D5700DB0CA0 /* pokemons.json */; };
		775C2BFB25CE3DBE00DB0CA0 /* charmander.json in Resources */ = {isa = PBXBuildFile; fileRef = 775C2BFA25CE3DBE00DB0CA0 /* charmander.json */; };
		77ABDEBA25CF45B00026EDBA /* PokemonsViewModel.swift in Sources */ = {isa = PBXBuildFile; fileRef = 77ABDEB925CF45B00026EDBA /* PokemonsViewModel.swift */; };
		77ABDEBF25CF483B0026EDBA /* PokemonView.swift in Sources */ = {isa = PBXBuildFile; fileRef = 77ABDEBE25CF483B0026EDBA /* PokemonView.swift */; };
		77ABDECA25CF51730026EDBA /* PokemonListView.swift in Sources */ = {isa = PBXBuildFile; fileRef = 77ABDEC925CF51730026EDBA /* PokemonListView.swift */; };
		77ABDF0025CF93DA0026EDBA /* Realm in Frameworks */ = {isa = PBXBuildFile; productRef = 77ABDEFF25CF93DA0026EDBA /* Realm */; };
		77ABDF0225CF93DA0026EDBA /* RealmSwift in Frameworks */ = {isa = PBXBuildFile; productRef = 77ABDF0125CF93DA0026EDBA /* RealmSwift */; };
		77ABDF0725CF94120026EDBA /* PokemonPersistence.swift in Sources */ = {isa = PBXBuildFile; fileRef = 77ABDF0625CF94120026EDBA /* PokemonPersistence.swift */; };
		77F6EE1E25CF1259000F877C /* Spinner.swift in Sources */ = {isa = PBXBuildFile; fileRef = 77F6EE1D25CF1259000F877C /* Spinner.swift */; };
		77F6EE2C25CF1807000F877C /* PokeInteractor.swift in Sources */ = {isa = PBXBuildFile; fileRef = 77F6EE2B25CF1807000F877C /* PokeInteractor.swift */; };
		77F6EE3825CF1DDD000F877C /* CombineMoya in Frameworks */ = {isa = PBXBuildFile; productRef = 77F6EE3725CF1DDD000F877C /* CombineMoya */; };
		77F6EE3A25CF1DDD000F877C /* Moya in Frameworks */ = {isa = PBXBuildFile; productRef = 77F6EE3925CF1DDD000F877C /* Moya */; };
/* End PBXBuildFile section */

/* Begin PBXContainerItemProxy section */
		774AACFC25CDC730009A83D0 /* PBXContainerItemProxy */ = {
			isa = PBXContainerItemProxy;
			containerPortal = 774AACE225CDC71B009A83D0 /* Project object */;
			proxyType = 1;
			remoteGlobalIDString = 774AACE925CDC71B009A83D0;
			remoteInfo = "Pokedex App";
		};
		774AAD0725CDC730009A83D0 /* PBXContainerItemProxy */ = {
			isa = PBXContainerItemProxy;
			containerPortal = 774AACE225CDC71B009A83D0 /* Project object */;
			proxyType = 1;
			remoteGlobalIDString = 774AACE925CDC71B009A83D0;
			remoteInfo = "Pokedex App";
		};
/* End PBXContainerItemProxy section */

/* Begin PBXFileReference section */
		774AACEA25CDC71B009A83D0 /* Pokedex App.app */ = {isa = PBXFileReference; explicitFileType = wrapper.application; includeInIndex = 0; path = "Pokedex App.app"; sourceTree = BUILT_PRODUCTS_DIR; };
		774AACED25CDC71B009A83D0 /* Pokedex_AppApp.swift */ = {isa = PBXFileReference; lastKnownFileType = sourcecode.swift; path = Pokedex_AppApp.swift; sourceTree = "<group>"; };
		774AACEF25CDC71B009A83D0 /* MainView.swift */ = {isa = PBXFileReference; lastKnownFileType = sourcecode.swift; path = MainView.swift; sourceTree = "<group>"; };
		774AACF125CDC72F009A83D0 /* Assets.xcassets */ = {isa = PBXFileReference; lastKnownFileType = folder.assetcatalog; path = Assets.xcassets; sourceTree = "<group>"; };
		774AACF425CDC72F009A83D0 /* Preview Assets.xcassets */ = {isa = PBXFileReference; lastKnownFileType = folder.assetcatalog; path = "Preview Assets.xcassets"; sourceTree = "<group>"; };
		774AACF625CDC72F009A83D0 /* Info.plist */ = {isa = PBXFileReference; lastKnownFileType = text.plist.xml; path = Info.plist; sourceTree = "<group>"; };
		774AACFB25CDC730009A83D0 /* Pokedex AppTests.xctest */ = {isa = PBXFileReference; explicitFileType = wrapper.cfbundle; includeInIndex = 0; path = "Pokedex AppTests.xctest"; sourceTree = BUILT_PRODUCTS_DIR; };
		774AACFF25CDC730009A83D0 /* Pokedex_AppTests.swift */ = {isa = PBXFileReference; lastKnownFileType = sourcecode.swift; path = Pokedex_AppTests.swift; sourceTree = "<group>"; };
		774AAD0125CDC730009A83D0 /* Info.plist */ = {isa = PBXFileReference; lastKnownFileType = text.plist.xml; path = Info.plist; sourceTree = "<group>"; };
		774AAD0625CDC730009A83D0 /* Pokedex AppUITests.xctest */ = {isa = PBXFileReference; explicitFileType = wrapper.cfbundle; includeInIndex = 0; path = "Pokedex AppUITests.xctest"; sourceTree = BUILT_PRODUCTS_DIR; };
		774AAD0A25CDC730009A83D0 /* Pokedex_AppUITests.swift */ = {isa = PBXFileReference; lastKnownFileType = sourcecode.swift; path = Pokedex_AppUITests.swift; sourceTree = "<group>"; };
		774AAD0C25CDC730009A83D0 /* Info.plist */ = {isa = PBXFileReference; lastKnownFileType = text.plist.xml; path = Info.plist; sourceTree = "<group>"; };
		774AAD5125CE1249009A83D0 /* Extensions.swift */ = {isa = PBXFileReference; lastKnownFileType = sourcecode.swift; path = Extensions.swift; sourceTree = "<group>"; };
		774AAD5625CE1A8E009A83D0 /* PokeService.swift */ = {isa = PBXFileReference; lastKnownFileType = sourcecode.swift; path = PokeService.swift; sourceTree = "<group>"; };
		774AAD6325CE1C5F009A83D0 /* PokemonData.swift */ = {isa = PBXFileReference; lastKnownFileType = sourcecode.swift; path = PokemonData.swift; sourceTree = "<group>"; };
		774AAD6C25CE2033009A83D0 /* PokemonViewModel.swift */ = {isa = PBXFileReference; lastKnownFileType = sourcecode.swift; path = PokemonViewModel.swift; sourceTree = "<group>"; };
		775C2BF525CE3D5700DB0CA0 /* pokemons.json */ = {isa = PBXFileReference; lastKnownFileType = text.json; path = pokemons.json; sourceTree = "<group>"; };
		775C2BFA25CE3DBE00DB0CA0 /* charmander.json */ = {isa = PBXFileReference; lastKnownFileType = text.json; path = charmander.json; sourceTree = "<group>"; };
		77ABDEB925CF45B00026EDBA /* PokemonsViewModel.swift */ = {isa = PBXFileReference; lastKnownFileType = sourcecode.swift; path = PokemonsViewModel.swift; sourceTree = "<group>"; };
		77ABDEBE25CF483B0026EDBA /* PokemonView.swift */ = {isa = PBXFileReference; lastKnownFileType = sourcecode.swift; path = PokemonView.swift; sourceTree = "<group>"; };
		77ABDEC925CF51730026EDBA /* PokemonListView.swift */ = {isa = PBXFileReference; lastKnownFileType = sourcecode.swift; path = PokemonListView.swift; sourceTree = "<group>"; };
		77ABDF0625CF94120026EDBA /* PokemonPersistence.swift */ = {isa = PBXFileReference; lastKnownFileType = sourcecode.swift; path = PokemonPersistence.swift; sourceTree = "<group>"; };
		77F6EE1D25CF1259000F877C /* Spinner.swift */ = {isa = PBXFileReference; lastKnownFileType = sourcecode.swift; path = Spinner.swift; sourceTree = "<group>"; };
		77F6EE2B25CF1807000F877C /* PokeInteractor.swift */ = {isa = PBXFileReference; lastKnownFileType = sourcecode.swift; path = PokeInteractor.swift; sourceTree = "<group>"; };
/* End PBXFileReference section */

/* Begin PBXFrameworksBuildPhase section */
		774AACE725CDC71B009A83D0 /* Frameworks */ = {
			isa = PBXFrameworksBuildPhase;
			buildActionMask = 2147483647;
			files = (
				77F6EE3825CF1DDD000F877C /* CombineMoya in Frameworks */,
				774AAD4D25CDFAAD009A83D0 /* SDWebImageSwiftUI in Frameworks */,
				77ABDF0025CF93DA0026EDBA /* Realm in Frameworks */,
				77ABDF0225CF93DA0026EDBA /* RealmSwift in Frameworks */,
				77F6EE3A25CF1DDD000F877C /* Moya in Frameworks */,
			);
			runOnlyForDeploymentPostprocessing = 0;
		};
		774AACF825CDC730009A83D0 /* Frameworks */ = {
			isa = PBXFrameworksBuildPhase;
			buildActionMask = 2147483647;
			files = (
			);
			runOnlyForDeploymentPostprocessing = 0;
		};
		774AAD0325CDC730009A83D0 /* Frameworks */ = {
			isa = PBXFrameworksBuildPhase;
			buildActionMask = 2147483647;
			files = (
			);
			runOnlyForDeploymentPostprocessing = 0;
		};
/* End PBXFrameworksBuildPhase section */

/* Begin PBXGroup section */
		774AACE125CDC71B009A83D0 = {
			isa = PBXGroup;
			children = (
				774AACEC25CDC71B009A83D0 /* Pokedex App */,
				774AACFE25CDC730009A83D0 /* Pokedex AppTests */,
				774AAD0925CDC730009A83D0 /* Pokedex AppUITests */,
				774AACEB25CDC71B009A83D0 /* Products */,
				774AAD9025CE29E8009A83D0 /* Frameworks */,
			);
			sourceTree = "<group>";
		};
		774AACEB25CDC71B009A83D0 /* Products */ = {
			isa = PBXGroup;
			children = (
				774AACEA25CDC71B009A83D0 /* Pokedex App.app */,
				774AACFB25CDC730009A83D0 /* Pokedex AppTests.xctest */,
				774AAD0625CDC730009A83D0 /* Pokedex AppUITests.xctest */,
			);
			name = Products;
			sourceTree = "<group>";
		};
		774AACEC25CDC71B009A83D0 /* Pokedex App */ = {
			isa = PBXGroup;
			children = (
				774AACF625CDC72F009A83D0 /* Info.plist */,
				774AACED25CDC71B009A83D0 /* Pokedex_AppApp.swift */,
				774AACF125CDC72F009A83D0 /* Assets.xcassets */,
				774AAD6125CE1BF2009A83D0 /* Models */,
				774AAD6B25CE200F009A83D0 /* ViewModels */,
				774AAD6225CE1C00009A83D0 /* Repositories */,
				775C2C0225CE3ED500DB0CA0 /* Views */,
				775C2BF425CE3D0C00DB0CA0 /* Resources */,
				77F6EE2225CF12F1000F877C /* Utils */,
				774AACF325CDC72F009A83D0 /* Preview Content */,
			);
			path = "Pokedex App";
			sourceTree = "<group>";
		};
		774AACF325CDC72F009A83D0 /* Preview Content */ = {
			isa = PBXGroup;
			children = (
				774AACF425CDC72F009A83D0 /* Preview Assets.xcassets */,
			);
			path = "Preview Content";
			sourceTree = "<group>";
		};
		774AACFE25CDC730009A83D0 /* Pokedex AppTests */ = {
			isa = PBXGroup;
			children = (
				774AACFF25CDC730009A83D0 /* Pokedex_AppTests.swift */,
				774AAD0125CDC730009A83D0 /* Info.plist */,
			);
			path = "Pokedex AppTests";
			sourceTree = "<group>";
		};
		774AAD0925CDC730009A83D0 /* Pokedex AppUITests */ = {
			isa = PBXGroup;
			children = (
				774AAD0A25CDC730009A83D0 /* Pokedex_AppUITests.swift */,
				774AAD0C25CDC730009A83D0 /* Info.plist */,
			);
			path = "Pokedex AppUITests";
			sourceTree = "<group>";
		};
		774AAD6125CE1BF2009A83D0 /* Models */ = {
			isa = PBXGroup;
			children = (
				774AAD6325CE1C5F009A83D0 /* PokemonData.swift */,
				77ABDF0625CF94120026EDBA /* PokemonPersistence.swift */,
			);
			name = Models;
			sourceTree = "<group>";
		};
		774AAD6225CE1C00009A83D0 /* Repositories */ = {
			isa = PBXGroup;
			children = (
				77F6EE2B25CF1807000F877C /* PokeInteractor.swift */,
				774AAD5625CE1A8E009A83D0 /* PokeService.swift */,
			);
			name = Repositories;
			sourceTree = "<group>";
		};
		774AAD6B25CE200F009A83D0 /* ViewModels */ = {
			isa = PBXGroup;
			children = (
				774AAD6C25CE2033009A83D0 /* PokemonViewModel.swift */,
				77ABDEB925CF45B00026EDBA /* PokemonsViewModel.swift */,
			);
			path = ViewModels;
			sourceTree = "<group>";
		};
		774AAD9025CE29E8009A83D0 /* Frameworks */ = {
			isa = PBXGroup;
			children = (
			);
			name = Frameworks;
			sourceTree = "<group>";
		};
		775C2BF425CE3D0C00DB0CA0 /* Resources */ = {
			isa = PBXGroup;
			children = (
				775C2BF525CE3D5700DB0CA0 /* pokemons.json */,
				775C2BFA25CE3DBE00DB0CA0 /* charmander.json */,
			);
			name = Resources;
			sourceTree = "<group>";
		};
		775C2C0225CE3ED500DB0CA0 /* Views */ = {
			isa = PBXGroup;
			children = (
				774AACEF25CDC71B009A83D0 /* MainView.swift */,
				77ABDEBE25CF483B0026EDBA /* PokemonView.swift */,
				77ABDEC925CF51730026EDBA /* PokemonListView.swift */,
			);
			path = Views;
			sourceTree = "<group>";
		};
		77F6EE2225CF12F1000F877C /* Utils */ = {
			isa = PBXGroup;
			children = (
				774AAD5125CE1249009A83D0 /* Extensions.swift */,
				77F6EE1D25CF1259000F877C /* Spinner.swift */,
			);
			name = Utils;
			sourceTree = "<group>";
		};
/* End PBXGroup section */

/* Begin PBXNativeTarget section */
		774AACE925CDC71B009A83D0 /* Pokedex App */ = {
			isa = PBXNativeTarget;
			buildConfigurationList = 774AAD0F25CDC730009A83D0 /* Build configuration list for PBXNativeTarget "Pokedex App" */;
			buildPhases = (
				774AACE625CDC71B009A83D0 /* Sources */,
				774AACE725CDC71B009A83D0 /* Frameworks */,
				774AACE825CDC71B009A83D0 /* Resources */,
			);
			buildRules = (
			);
			dependencies = (
			);
			name = "Pokedex App";
			packageProductDependencies = (
				774AAD4C25CDFAAD009A83D0 /* SDWebImageSwiftUI */,
				77F6EE3725CF1DDD000F877C /* CombineMoya */,
				77F6EE3925CF1DDD000F877C /* Moya */,
				77ABDEFF25CF93DA0026EDBA /* Realm */,
				77ABDF0125CF93DA0026EDBA /* RealmSwift */,
			);
			productName = "Pokedex App";
			productReference = 774AACEA25CDC71B009A83D0 /* Pokedex App.app */;
			productType = "com.apple.product-type.application";
		};
		774AACFA25CDC730009A83D0 /* Pokedex AppTests */ = {
			isa = PBXNativeTarget;
			buildConfigurationList = 774AAD1225CDC730009A83D0 /* Build configuration list for PBXNativeTarget "Pokedex AppTests" */;
			buildPhases = (
				774AACF725CDC730009A83D0 /* Sources */,
				774AACF825CDC730009A83D0 /* Frameworks */,
				774AACF925CDC730009A83D0 /* Resources */,
			);
			buildRules = (
			);
			dependencies = (
				774AACFD25CDC730009A83D0 /* PBXTargetDependency */,
			);
			name = "Pokedex AppTests";
			productName = "Pokedex AppTests";
			productReference = 774AACFB25CDC730009A83D0 /* Pokedex AppTests.xctest */;
			productType = "com.apple.product-type.bundle.unit-test";
		};
		774AAD0525CDC730009A83D0 /* Pokedex AppUITests */ = {
			isa = PBXNativeTarget;
			buildConfigurationList = 774AAD1525CDC730009A83D0 /* Build configuration list for PBXNativeTarget "Pokedex AppUITests" */;
			buildPhases = (
				774AAD0225CDC730009A83D0 /* Sources */,
				774AAD0325CDC730009A83D0 /* Frameworks */,
				774AAD0425CDC730009A83D0 /* Resources */,
			);
			buildRules = (
			);
			dependencies = (
				774AAD0825CDC730009A83D0 /* PBXTargetDependency */,
			);
			name = "Pokedex AppUITests";
			productName = "Pokedex AppUITests";
			productReference = 774AAD0625CDC730009A83D0 /* Pokedex AppUITests.xctest */;
			productType = "com.apple.product-type.bundle.ui-testing";
		};
/* End PBXNativeTarget section */

/* Begin PBXProject section */
		774AACE225CDC71B009A83D0 /* Project object */ = {
			isa = PBXProject;
			attributes = {
				LastSwiftUpdateCheck = 1240;
				LastUpgradeCheck = 1240;
				TargetAttributes = {
					774AACE925CDC71B009A83D0 = {
						CreatedOnToolsVersion = 12.4;
					};
					774AACFA25CDC730009A83D0 = {
						CreatedOnToolsVersion = 12.4;
						TestTargetID = 774AACE925CDC71B009A83D0;
					};
					774AAD0525CDC730009A83D0 = {
						CreatedOnToolsVersion = 12.4;
						TestTargetID = 774AACE925CDC71B009A83D0;
					};
				};
			};
			buildConfigurationList = 774AACE525CDC71B009A83D0 /* Build configuration list for PBXProject "Pokedex App" */;
			compatibilityVersion = "Xcode 9.3";
			developmentRegion = en;
			hasScannedForEncodings = 0;
			knownRegions = (
				en,
				Base,
			);
			mainGroup = 774AACE125CDC71B009A83D0;
			packageReferences = (
				774AAD4B25CDFAAD009A83D0 /* XCRemoteSwiftPackageReference "SDWebImageSwiftUI" */,
				77F6EE3625CF1DDD000F877C /* XCRemoteSwiftPackageReference "Moya" */,
				77ABDEFE25CF93DA0026EDBA /* XCRemoteSwiftPackageReference "realm-cocoa" */,
			);
			productRefGroup = 774AACEB25CDC71B009A83D0 /* Products */;
			projectDirPath = "";
			projectRoot = "";
			targets = (
				774AACE925CDC71B009A83D0 /* Pokedex App */,
				774AACFA25CDC730009A83D0 /* Pokedex AppTests */,
				774AAD0525CDC730009A83D0 /* Pokedex AppUITests */,
			);
		};
/* End PBXProject section */

/* Begin PBXResourcesBuildPhase section */
		774AACE825CDC71B009A83D0 /* Resources */ = {
			isa = PBXResourcesBuildPhase;
			buildActionMask = 2147483647;
			files = (
				775C2BFB25CE3DBE00DB0CA0 /* charmander.json in Resources */,
				775C2BF625CE3D5700DB0CA0 /* pokemons.json in Resources */,
				774AACF525CDC72F009A83D0 /* Preview Assets.xcassets in Resources */,
				774AACF225CDC72F009A83D0 /* Assets.xcassets in Resources */,
			);
			runOnlyForDeploymentPostprocessing = 0;
		};
		774AACF925CDC730009A83D0 /* Resources */ = {
			isa = PBXResourcesBuildPhase;
			buildActionMask = 2147483647;
			files = (
			);
			runOnlyForDeploymentPostprocessing = 0;
		};
		774AAD0425CDC730009A83D0 /* Resources */ = {
			isa = PBXResourcesBuildPhase;
			buildActionMask = 2147483647;
			files = (
			);
			runOnlyForDeploymentPostprocessing = 0;
		};
/* End PBXResourcesBuildPhase section */

/* Begin PBXSourcesBuildPhase section */
		774AACE625CDC71B009A83D0 /* Sources */ = {
			isa = PBXSourcesBuildPhase;
			buildActionMask = 2147483647;
			files = (
				77ABDECA25CF51730026EDBA /* PokemonListView.swift in Sources */,
				774AAD5725CE1A8E009A83D0 /* PokeService.swift in Sources */,
				774AAD6D25CE2033009A83D0 /* PokemonViewModel.swift in Sources */,
				774AACF025CDC71B009A83D0 /* MainView.swift in Sources */,
				77F6EE1E25CF1259000F877C /* Spinner.swift in Sources */,
				77ABDF0725CF94120026EDBA /* PokemonPersistence.swift in Sources */,
				774AAD6425CE1C5F009A83D0 /* PokemonData.swift in Sources */,
				77ABDEBF25CF483B0026EDBA /* PokemonView.swift in Sources */,
				77F6EE2C25CF1807000F877C /* PokeInteractor.swift in Sources */,
				774AAD5225CE1249009A83D0 /* Extensions.swift in Sources */,
				774AACEE25CDC71B009A83D0 /* Pokedex_AppApp.swift in Sources */,
				77ABDEBA25CF45B00026EDBA /* PokemonsViewModel.swift in Sources */,
			);
			runOnlyForDeploymentPostprocessing = 0;
		};
		774AACF725CDC730009A83D0 /* Sources */ = {
			isa = PBXSourcesBuildPhase;
			buildActionMask = 2147483647;
			files = (
				774AAD0025CDC730009A83D0 /* Pokedex_AppTests.swift in Sources */,
			);
			runOnlyForDeploymentPostprocessing = 0;
		};
		774AAD0225CDC730009A83D0 /* Sources */ = {
			isa = PBXSourcesBuildPhase;
			buildActionMask = 2147483647;
			files = (
				774AAD0B25CDC730009A83D0 /* Pokedex_AppUITests.swift in Sources */,
			);
			runOnlyForDeploymentPostprocessing = 0;
		};
/* End PBXSourcesBuildPhase section */

/* Begin PBXTargetDependency section */
		774AACFD25CDC730009A83D0 /* PBXTargetDependency */ = {
			isa = PBXTargetDependency;
			target = 774AACE925CDC71B009A83D0 /* Pokedex App */;
			targetProxy = 774AACFC25CDC730009A83D0 /* PBXContainerItemProxy */;
		};
		774AAD0825CDC730009A83D0 /* PBXTargetDependency */ = {
			isa = PBXTargetDependency;
			target = 774AACE925CDC71B009A83D0 /* Pokedex App */;
			targetProxy = 774AAD0725CDC730009A83D0 /* PBXContainerItemProxy */;
		};
/* End PBXTargetDependency section */

/* Begin XCBuildConfiguration section */
		774AAD0D25CDC730009A83D0 /* Debug */ = {
			isa = XCBuildConfiguration;
			buildSettings = {
				ALWAYS_SEARCH_USER_PATHS = NO;
				CLANG_ANALYZER_NONNULL = YES;
				CLANG_ANALYZER_NUMBER_OBJECT_CONVERSION = YES_AGGRESSIVE;
				CLANG_CXX_LANGUAGE_STANDARD = "gnu++14";
				CLANG_CXX_LIBRARY = "libc++";
				CLANG_ENABLE_MODULES = YES;
				CLANG_ENABLE_OBJC_ARC = YES;
				CLANG_ENABLE_OBJC_WEAK = YES;
				CLANG_WARN_BLOCK_CAPTURE_AUTORELEASING = YES;
				CLANG_WARN_BOOL_CONVERSION = YES;
				CLANG_WARN_COMMA = YES;
				CLANG_WARN_CONSTANT_CONVERSION = YES;
				CLANG_WARN_DEPRECATED_OBJC_IMPLEMENTATIONS = YES;
				CLANG_WARN_DIRECT_OBJC_ISA_USAGE = YES_ERROR;
				CLANG_WARN_DOCUMENTATION_COMMENTS = YES;
				CLANG_WARN_EMPTY_BODY = YES;
				CLANG_WARN_ENUM_CONVERSION = YES;
				CLANG_WARN_INFINITE_RECURSION = YES;
				CLANG_WARN_INT_CONVERSION = YES;
				CLANG_WARN_NON_LITERAL_NULL_CONVERSION = YES;
				CLANG_WARN_OBJC_IMPLICIT_RETAIN_SELF = YES;
				CLANG_WARN_OBJC_LITERAL_CONVERSION = YES;
				CLANG_WARN_OBJC_ROOT_CLASS = YES_ERROR;
				CLANG_WARN_QUOTED_INCLUDE_IN_FRAMEWORK_HEADER = YES;
				CLANG_WARN_RANGE_LOOP_ANALYSIS = YES;
				CLANG_WARN_STRICT_PROTOTYPES = YES;
				CLANG_WARN_SUSPICIOUS_MOVE = YES;
				CLANG_WARN_UNGUARDED_AVAILABILITY = YES_AGGRESSIVE;
				CLANG_WARN_UNREACHABLE_CODE = YES;
				CLANG_WARN__DUPLICATE_METHOD_MATCH = YES;
				COPY_PHASE_STRIP = NO;
				DEBUG_INFORMATION_FORMAT = dwarf;
				ENABLE_STRICT_OBJC_MSGSEND = YES;
				ENABLE_TESTABILITY = YES;
				GCC_C_LANGUAGE_STANDARD = gnu11;
				GCC_DYNAMIC_NO_PIC = NO;
				GCC_NO_COMMON_BLOCKS = YES;
				GCC_OPTIMIZATION_LEVEL = 0;
				GCC_PREPROCESSOR_DEFINITIONS = (
					"DEBUG=1",
					"$(inherited)",
				);
				GCC_WARN_64_TO_32_BIT_CONVERSION = YES;
				GCC_WARN_ABOUT_RETURN_TYPE = YES_ERROR;
				GCC_WARN_UNDECLARED_SELECTOR = YES;
				GCC_WARN_UNINITIALIZED_AUTOS = YES_AGGRESSIVE;
				GCC_WARN_UNUSED_FUNCTION = YES;
				GCC_WARN_UNUSED_VARIABLE = YES;
				IPHONEOS_DEPLOYMENT_TARGET = 14.4;
				MTL_ENABLE_DEBUG_INFO = INCLUDE_SOURCE;
				MTL_FAST_MATH = YES;
				ONLY_ACTIVE_ARCH = YES;
				SDKROOT = iphoneos;
				SWIFT_ACTIVE_COMPILATION_CONDITIONS = DEBUG;
				SWIFT_OPTIMIZATION_LEVEL = "-Onone";
			};
			name = Debug;
		};
		774AAD0E25CDC730009A83D0 /* Release */ = {
			isa = XCBuildConfiguration;
			buildSettings = {
				ALWAYS_SEARCH_USER_PATHS = NO;
				CLANG_ANALYZER_NONNULL = YES;
				CLANG_ANALYZER_NUMBER_OBJECT_CONVERSION = YES_AGGRESSIVE;
				CLANG_CXX_LANGUAGE_STANDARD = "gnu++14";
				CLANG_CXX_LIBRARY = "libc++";
				CLANG_ENABLE_MODULES = YES;
				CLANG_ENABLE_OBJC_ARC = YES;
				CLANG_ENABLE_OBJC_WEAK = YES;
				CLANG_WARN_BLOCK_CAPTURE_AUTORELEASING = YES;
				CLANG_WARN_BOOL_CONVERSION = YES;
				CLANG_WARN_COMMA = YES;
				CLANG_WARN_CONSTANT_CONVERSION = YES;
				CLANG_WARN_DEPRECATED_OBJC_IMPLEMENTATIONS = YES;
				CLANG_WARN_DIRECT_OBJC_ISA_USAGE = YES_ERROR;
				CLANG_WARN_DOCUMENTATION_COMMENTS = YES;
				CLANG_WARN_EMPTY_BODY = YES;
				CLANG_WARN_ENUM_CONVERSION = YES;
				CLANG_WARN_INFINITE_RECURSION = YES;
				CLANG_WARN_INT_CONVERSION = YES;
				CLANG_WARN_NON_LITERAL_NULL_CONVERSION = YES;
				CLANG_WARN_OBJC_IMPLICIT_RETAIN_SELF = YES;
				CLANG_WARN_OBJC_LITERAL_CONVERSION = YES;
				CLANG_WARN_OBJC_ROOT_CLASS = YES_ERROR;
				CLANG_WARN_QUOTED_INCLUDE_IN_FRAMEWORK_HEADER = YES;
				CLANG_WARN_RANGE_LOOP_ANALYSIS = YES;
				CLANG_WARN_STRICT_PROTOTYPES = YES;
				CLANG_WARN_SUSPICIOUS_MOVE = YES;
				CLANG_WARN_UNGUARDED_AVAILABILITY = YES_AGGRESSIVE;
				CLANG_WARN_UNREACHABLE_CODE = YES;
				CLANG_WARN__DUPLICATE_METHOD_MATCH = YES;
				COPY_PHASE_STRIP = NO;
				DEBUG_INFORMATION_FORMAT = "dwarf-with-dsym";
				ENABLE_NS_ASSERTIONS = NO;
				ENABLE_STRICT_OBJC_MSGSEND = YES;
				GCC_C_LANGUAGE_STANDARD = gnu11;
				GCC_NO_COMMON_BLOCKS = YES;
				GCC_WARN_64_TO_32_BIT_CONVERSION = YES;
				GCC_WARN_ABOUT_RETURN_TYPE = YES_ERROR;
				GCC_WARN_UNDECLARED_SELECTOR = YES;
				GCC_WARN_UNINITIALIZED_AUTOS = YES_AGGRESSIVE;
				GCC_WARN_UNUSED_FUNCTION = YES;
				GCC_WARN_UNUSED_VARIABLE = YES;
				IPHONEOS_DEPLOYMENT_TARGET = 14.4;
				MTL_ENABLE_DEBUG_INFO = NO;
				MTL_FAST_MATH = YES;
				SDKROOT = iphoneos;
				SWIFT_COMPILATION_MODE = wholemodule;
				SWIFT_OPTIMIZATION_LEVEL = "-O";
				VALIDATE_PRODUCT = YES;
			};
			name = Release;
		};
		774AAD1025CDC730009A83D0 /* Debug */ = {
			isa = XCBuildConfiguration;
			buildSettings = {
				ASSETCATALOG_COMPILER_APPICON_NAME = AppIcon;
				ASSETCATALOG_COMPILER_GLOBAL_ACCENT_COLOR_NAME = AccentColor;
				CODE_SIGN_STYLE = Automatic;
				DEVELOPMENT_ASSET_PATHS = "\"Pokedex App/Preview Content\"";
				ENABLE_PREVIEWS = YES;
				INFOPLIST_FILE = "Pokedex App/Info.plist";
				IPHONEOS_DEPLOYMENT_TARGET = 14.0;
				LD_RUNPATH_SEARCH_PATHS = (
					"$(inherited)",
					"@executable_path/Frameworks",
				);
				PRODUCT_BUNDLE_IDENTIFIER = "com.nemexyz.Pokedex-App";
				PRODUCT_NAME = "$(TARGET_NAME)";
				SWIFT_VERSION = 5.0;
				TARGETED_DEVICE_FAMILY = 1;
			};
			name = Debug;
		};
		774AAD1125CDC730009A83D0 /* Release */ = {
			isa = XCBuildConfiguration;
			buildSettings = {
				ASSETCATALOG_COMPILER_APPICON_NAME = AppIcon;
				ASSETCATALOG_COMPILER_GLOBAL_ACCENT_COLOR_NAME = AccentColor;
				CODE_SIGN_STYLE = Automatic;
				DEVELOPMENT_ASSET_PATHS = "\"Pokedex App/Preview Content\"";
				ENABLE_PREVIEWS = YES;
				INFOPLIST_FILE = "Pokedex App/Info.plist";
				IPHONEOS_DEPLOYMENT_TARGET = 14.0;
				LD_RUNPATH_SEARCH_PATHS = (
					"$(inherited)",
					"@executable_path/Frameworks",
				);
				PRODUCT_BUNDLE_IDENTIFIER = "com.nemexyz.Pokedex-App";
				PRODUCT_NAME = "$(TARGET_NAME)";
				SWIFT_VERSION = 5.0;
				TARGETED_DEVICE_FAMILY = 1;
			};
			name = Release;
		};
		774AAD1325CDC730009A83D0 /* Debug */ = {
			isa = XCBuildConfiguration;
			buildSettings = {
				ALWAYS_EMBED_SWIFT_STANDARD_LIBRARIES = YES;
				BUNDLE_LOADER = "$(TEST_HOST)";
				CODE_SIGN_STYLE = Automatic;
				INFOPLIST_FILE = "Pokedex AppTests/Info.plist";
				IPHONEOS_DEPLOYMENT_TARGET = 14.0;
				LD_RUNPATH_SEARCH_PATHS = (
					"$(inherited)",
					"@executable_path/Frameworks",
					"@loader_path/Frameworks",
				);
				PRODUCT_BUNDLE_IDENTIFIER = "com.nemexyz.Pokedex-AppTests";
				PRODUCT_NAME = "$(TARGET_NAME)";
				SWIFT_VERSION = 5.0;
				TARGETED_DEVICE_FAMILY = "1,2";
				TEST_HOST = "$(BUILT_PRODUCTS_DIR)/Pokedex App.app/Pokedex App";
			};
			name = Debug;
		};
		774AAD1425CDC730009A83D0 /* Release */ = {
			isa = XCBuildConfiguration;
			buildSettings = {
				ALWAYS_EMBED_SWIFT_STANDARD_LIBRARIES = YES;
				BUNDLE_LOADER = "$(TEST_HOST)";
				CODE_SIGN_STYLE = Automatic;
				INFOPLIST_FILE = "Pokedex AppTests/Info.plist";
				IPHONEOS_DEPLOYMENT_TARGET = 14.0;
				LD_RUNPATH_SEARCH_PATHS = (
					"$(inherited)",
					"@executable_path/Frameworks",
					"@loader_path/Frameworks",
				);
				PRODUCT_BUNDLE_IDENTIFIER = "com.nemexyz.Pokedex-AppTests";
				PRODUCT_NAME = "$(TARGET_NAME)";
				SWIFT_VERSION = 5.0;
				TARGETED_DEVICE_FAMILY = "1,2";
				TEST_HOST = "$(BUILT_PRODUCTS_DIR)/Pokedex App.app/Pokedex App";
			};
			name = Release;
		};
		774AAD1625CDC730009A83D0 /* Debug */ = {
			isa = XCBuildConfiguration;
			buildSettings = {
				ALWAYS_EMBED_SWIFT_STANDARD_LIBRARIES = YES;
				CODE_SIGN_STYLE = Automatic;
				INFOPLIST_FILE = "Pokedex AppUITests/Info.plist";
				LD_RUNPATH_SEARCH_PATHS = (
					"$(inherited)",
					"@executable_path/Frameworks",
					"@loader_path/Frameworks",
				);
				PRODUCT_BUNDLE_IDENTIFIER = "com.nemexyz.Pokedex-AppUITests";
				PRODUCT_NAME = "$(TARGET_NAME)";
				SWIFT_VERSION = 5.0;
				TARGETED_DEVICE_FAMILY = "1,2";
				TEST_TARGET_NAME = "Pokedex App";
			};
			name = Debug;
		};
		774AAD1725CDC730009A83D0 /* Release */ = {
			isa = XCBuildConfiguration;
			buildSettings = {
				ALWAYS_EMBED_SWIFT_STANDARD_LIBRARIES = YES;
				CODE_SIGN_STYLE = Automatic;
				INFOPLIST_FILE = "Pokedex AppUITests/Info.plist";
				LD_RUNPATH_SEARCH_PATHS = (
					"$(inherited)",
					"@executable_path/Frameworks",
					"@loader_path/Frameworks",
				);
				PRODUCT_BUNDLE_IDENTIFIER = "com.nemexyz.Pokedex-AppUITests";
				PRODUCT_NAME = "$(TARGET_NAME)";
				SWIFT_VERSION = 5.0;
				TARGETED_DEVICE_FAMILY = "1,2";
				TEST_TARGET_NAME = "Pokedex App";
			};
			name = Release;
		};
/* End XCBuildConfiguration section */

/* Begin XCConfigurationList section */
		774AACE525CDC71B009A83D0 /* Build configuration list for PBXProject "Pokedex App" */ = {
			isa = XCConfigurationList;
			buildConfigurations = (
				774AAD0D25CDC730009A83D0 /* Debug */,
				774AAD0E25CDC730009A83D0 /* Release */,
			);
			defaultConfigurationIsVisible = 0;
			defaultConfigurationName = Release;
		};
		774AAD0F25CDC730009A83D0 /* Build configuration list for PBXNativeTarget "Pokedex App" */ = {
			isa = XCConfigurationList;
			buildConfigurations = (
				774AAD1025CDC730009A83D0 /* Debug */,
				774AAD1125CDC730009A83D0 /* Release */,
			);
			defaultConfigurationIsVisible = 0;
			defaultConfigurationName = Release;
		};
		774AAD1225CDC730009A83D0 /* Build configuration list for PBXNativeTarget "Pokedex AppTests" */ = {
			isa = XCConfigurationList;
			buildConfigurations = (
				774AAD1325CDC730009A83D0 /* Debug */,
				774AAD1425CDC730009A83D0 /* Release */,
			);
			defaultConfigurationIsVisible = 0;
			defaultConfigurationName = Release;
		};
		774AAD1525CDC730009A83D0 /* Build configuration list for PBXNativeTarget "Pokedex AppUITests" */ = {
			isa = XCConfigurationList;
			buildConfigurations = (
				774AAD1625CDC730009A83D0 /* Debug */,
				774AAD1725CDC730009A83D0 /* Release */,
			);
			defaultConfigurationIsVisible = 0;
			defaultConfigurationName = Release;
		};
/* End XCConfigurationList section */

/* Begin XCRemoteSwiftPackageReference section */
		774AAD4B25CDFAAD009A83D0 /* XCRemoteSwiftPackageReference "SDWebImageSwiftUI" */ = {
			isa = XCRemoteSwiftPackageReference;
			repositoryURL = "https://github.com/SDWebImage/SDWebImageSwiftUI.git";
			requirement = {
				kind = upToNextMajorVersion;
				minimumVersion = 1.5.0;
			};
		};
		77ABDEFE25CF93DA0026EDBA /* XCRemoteSwiftPackageReference "realm-cocoa" */ = {
			isa = XCRemoteSwiftPackageReference;
			repositoryURL = "https://github.com/realm/realm-cocoa.git";
			requirement = {
				kind = upToNextMajorVersion;
				minimumVersion = 10.5.1;
			};
		};
		77F6EE3625CF1DDD000F877C /* XCRemoteSwiftPackageReference "Moya" */ = {
			isa = XCRemoteSwiftPackageReference;
			repositoryURL = "https://github.com/Moya/Moya.git";
			requirement = {
				kind = exactVersion;
				version = "15.0.0-alpha.1";
			};
		};
/* End XCRemoteSwiftPackageReference section */

/* Begin XCSwiftPackageProductDependency section */
		774AAD4C25CDFAAD009A83D0 /* SDWebImageSwiftUI */ = {
			isa = XCSwiftPackageProductDependency;
			package = 774AAD4B25CDFAAD009A83D0 /* XCRemoteSwiftPackageReference "SDWebImageSwiftUI" */;
			productName = SDWebImageSwiftUI;
		};
		77ABDEFF25CF93DA0026EDBA /* Realm */ = {
			isa = XCSwiftPackageProductDependency;
			package = 77ABDEFE25CF93DA0026EDBA /* XCRemoteSwiftPackageReference "realm-cocoa" */;
			productName = Realm;
		};
		77ABDF0125CF93DA0026EDBA /* RealmSwift */ = {
			isa = XCSwiftPackageProductDependency;
			package = 77ABDEFE25CF93DA0026EDBA /* XCRemoteSwiftPackageReference "realm-cocoa" */;
			productName = RealmSwift;
		};
		77F6EE3725CF1DDD000F877C /* CombineMoya */ = {
			isa = XCSwiftPackageProductDependency;
			package = 77F6EE3625CF1DDD000F877C /* XCRemoteSwiftPackageReference "Moya" */;
			productName = CombineMoya;
		};
		77F6EE3925CF1DDD000F877C /* Moya */ = {
			isa = XCSwiftPackageProductDependency;
			package = 77F6EE3625CF1DDD000F877C /* XCRemoteSwiftPackageReference "Moya" */;
			productName = Moya;
		};
/* End XCSwiftPackageProductDependency section */
	};
	rootObject = 774AACE225CDC71B009A83D0 /* Project object */;
}
